# THIS IS AN AUTOGENERATED FILE. DO NOT EDIT THIS FILE DIRECTLY.
# yarn lockfile v1


"@babel/runtime@^7.5.5":
  version "7.5.5"
  resolved "https://registry.yarnpkg.com/@babel/runtime/-/runtime-7.5.5.tgz#74fba56d35efbeca444091c7850ccd494fd2f132"
  integrity sha512-28QvEGyQyNkB0/m2B4FU7IEZGK2NUrcMtT6BZEFALTguLk+AUT6ofsHtPk5QyjAdUkpMJ+/Em+quwz4HOt30AQ==
  dependencies:
    regenerator-runtime "^0.13.2"

"@jest/types@^24.8.0":
  version "24.8.0"
  resolved "https://registry.yarnpkg.com/@jest/types/-/types-24.8.0.tgz#f31e25948c58f0abd8c845ae26fcea1491dea7ad"
  integrity sha512-g17UxVr2YfBtaMUxn9u/4+siG1ptg9IGYAYwvpwn61nBg779RXnjE/m7CxYcIzEt0AbHZZAHSEZNhkE2WxURVg==
  dependencies:
    "@types/istanbul-lib-coverage" "^2.0.0"
    "@types/istanbul-reports" "^1.1.1"
    "@types/yargs" "^12.0.9"

"@sheerun/mutationobserver-shim@^0.3.2":
  version "0.3.2"
  resolved "https://registry.yarnpkg.com/@sheerun/mutationobserver-shim/-/mutationobserver-shim-0.3.2.tgz#8013f2af54a2b7d735f71560ff360d3a8176a87b"
  integrity sha512-vTCdPp/T/Q3oSqwHmZ5Kpa9oI7iLtGl3RQaA/NyLHikvcrPxACkkKVr/XzkSPJWXHRhKGzVvb0urJsbMlRxi1Q==

"@testing-library/dom@^5.6.1":
  version "5.6.1"
  resolved "https://registry.yarnpkg.com/@testing-library/dom/-/dom-5.6.1.tgz#705a1cb4a039b877c1e69e916824038e837ab637"
  integrity sha512-Y1T2bjtvQMewffn1CJ28kpgnuvPYKsBcZMagEH0ppfEMZPDc8AkkEnTk4smrGZKw0cblNB3lhM2FMnpfLExlHg==
  dependencies:
    "@babel/runtime" "^7.5.5"
    "@sheerun/mutationobserver-shim" "^0.3.2"
    aria-query "3.0.0"
    pretty-format "^24.8.0"
    wait-for-expect "^1.2.0"

"@testing-library/react@^8.0.9":
  version "8.0.9"
  resolved "https://registry.yarnpkg.com/@testing-library/react/-/react-8.0.9.tgz#1ecd96bc3471b06dd2f9763b6e53a7ace28a54a2"
  integrity sha512-I7zd+MW5wk8rQA5VopZgBfxGKUd91jgZ6Vzj2gMqFf2iGGtKwvI5SVTrIJcSFaOXK88T2EUsbsIKugDtoqOcZQ==
  dependencies:
    "@babel/runtime" "^7.5.5"
    "@testing-library/dom" "^5.6.1"

"@types/istanbul-lib-coverage@*", "@types/istanbul-lib-coverage@^2.0.0":
  version "2.0.1"
  resolved "https://registry.yarnpkg.com/@types/istanbul-lib-coverage/-/istanbul-lib-coverage-2.0.1.tgz#42995b446db9a48a11a07ec083499a860e9138ff"
  integrity sha512-hRJD2ahnnpLgsj6KWMYSrmXkM3rm2Dl1qkx6IOFD5FnuNPXJIG5L0dhgKXCYTRMGzU4n0wImQ/xfmRc4POUFlg==

"@types/istanbul-lib-report@*":
  version "1.1.1"
  resolved "https://registry.yarnpkg.com/@types/istanbul-lib-report/-/istanbul-lib-report-1.1.1.tgz#e5471e7fa33c61358dd38426189c037a58433b8c"
  integrity sha512-3BUTyMzbZa2DtDI2BkERNC6jJw2Mr2Y0oGI7mRxYNBPxppbtEK1F66u3bKwU2g+wxwWI7PAoRpJnOY1grJqzHg==
  dependencies:
    "@types/istanbul-lib-coverage" "*"

"@types/istanbul-reports@^1.1.1":
  version "1.1.1"
  resolved "https://registry.yarnpkg.com/@types/istanbul-reports/-/istanbul-reports-1.1.1.tgz#7a8cbf6a406f36c8add871625b278eaf0b0d255a"
  integrity sha512-UpYjBi8xefVChsCoBpKShdxTllC9pwISirfoZsUa2AAdQg/Jd2KQGtSbw+ya7GPo7x/wAPlH6JBhKhAsXUEZNA==
  dependencies:
    "@types/istanbul-lib-coverage" "*"
    "@types/istanbul-lib-report" "*"

"@types/yargs@^12.0.9":
  version "12.0.12"
  resolved "https://registry.yarnpkg.com/@types/yargs/-/yargs-12.0.12.tgz#45dd1d0638e8c8f153e87d296907659296873916"
  integrity sha512-SOhuU4wNBxhhTHxYaiG5NY4HBhDIDnJF60GU+2LqHAdKKer86//e4yg69aENCtQ04n0ovz+tq2YPME5t5yp4pw==

ansi-regex@^4.0.0:
  version "4.1.0"
  resolved "https://registry.yarnpkg.com/ansi-regex/-/ansi-regex-4.1.0.tgz#8b9f8f08cf1acb843756a839ca8c7e3168c51997"
  integrity sha512-1apePfXM1UOSqw0o9IiFAovVz9M5S1Dg+4TrDwfMewQ6p/rmMueb7tWZjQ1rx4Loy1ArBggoqGpfqqdI4rondg==

ansi-styles@^3.2.0:
  version "3.2.1"
  resolved "https://registry.yarnpkg.com/ansi-styles/-/ansi-styles-3.2.1.tgz#41fbb20243e50b12be0f04b8dedbf07520ce841d"
  integrity sha512-VT0ZI6kZRdTh8YyJw3SMbYm/u+NqfsAxEpWO0Pf9sq8/e94WxxOpPKx9FR1FlyCtOVDNOQ+8ntlqFxiRc+r5qA==
  dependencies:
    color-convert "^1.9.0"

aria-query@3.0.0:
  version "3.0.0"
  resolved "https://registry.yarnpkg.com/aria-query/-/aria-query-3.0.0.tgz#65b3fcc1ca1155a8c9ae64d6eee297f15d5133cc"
  integrity sha1-ZbP8wcoRVajJrmTW7uKX8V1RM8w=
  dependencies:
    ast-types-flow "0.0.7"
    commander "^2.11.0"

ast-types-flow@0.0.7:
  version "0.0.7"
  resolved "https://registry.yarnpkg.com/ast-types-flow/-/ast-types-flow-0.0.7.tgz#f70b735c6bca1a5c9c22d982c3e39e7feba3bdad"
  integrity sha1-9wtzXGvKGlycItmCw+Oef+ujva0=

color-convert@^1.9.0:
  version "1.9.3"
  resolved "https://registry.yarnpkg.com/color-convert/-/color-convert-1.9.3.tgz#bb71850690e1f136567de629d2d5471deda4c1e8"
  integrity sha512-QfAUtd+vFdAtFQcC8CCyYt1fYWxSqAiK2cSD6zDB8N3cpsEBAvRxp9zOGg6G/SHHJYAT88/az/IuDGALsNVbGg==
  dependencies:
    color-name "1.1.3"

color-name@1.1.3:
  version "1.1.3"
  resolved "https://registry.yarnpkg.com/color-name/-/color-name-1.1.3.tgz#a7d0558bd89c42f795dd42328f740831ca53bc25"
  integrity sha1-p9BVi9icQveV3UIyj3QIMcpTvCU=

commander@^2.11.0:
  version "2.20.0"
  resolved "https://registry.yarnpkg.com/commander/-/commander-2.20.0.tgz#d58bb2b5c1ee8f87b0d340027e9e94e222c5a422"
  integrity sha512-7j2y+40w61zy6YC2iRNpUe/NwhNyoXrYpHMrSunaMG64nRnaf96zO/KMQR4OyN/UnE5KLyEBnKHd4aG3rskjpQ==

jest-dom@^4.0.0:
  version "4.0.0"
  resolved "https://registry.yarnpkg.com/jest-dom/-/jest-dom-4.0.0.tgz#94eba3cbc6576e7bd6821867c92d176de28920eb"
  integrity sha512-gBxYZlZB1Jgvf2gP2pRfjjUWF8woGBHj/g5rAQgFPB/0K2atGuhVcPO+BItyjWeKg9zM+dokgcMOH01vrWVMFA==

pretty-format@^24.8.0:
  version "24.8.0"
  resolved "https://registry.yarnpkg.com/pretty-format/-/pretty-format-24.8.0.tgz#8dae7044f58db7cb8be245383b565a963e3c27f2"
  integrity sha512-P952T7dkrDEplsR+TuY7q3VXDae5Sr7zmQb12JU/NDQa/3CH7/QW0yvqLcGN6jL+zQFKaoJcPc+yJxMTGmosqw==
  dependencies:
    "@jest/types" "^24.8.0"
    ansi-regex "^4.0.0"
    ansi-styles "^3.2.0"
    react-is "^16.8.4"

react-is@^16.8.4:
  version "16.9.0"
  resolved "https://registry.yarnpkg.com/react-is/-/react-is-16.9.0.tgz#21ca9561399aad0ff1a7701c01683e8ca981edcb"
  integrity sha512-tJBzzzIgnnRfEm046qRcURvwQnZVXmuCbscxUO5RWrGTXpon2d4c8mI0D8WE6ydVIm29JiLB6+RslkIvym9Rjw==

react-testing-library@^8.0.1:
  version "8.0.1"
  resolved "https://registry.yarnpkg.com/react-testing-library/-/react-testing-library-8.0.1.tgz#b3dd43bce3fa88423cf0a23292fb819023c227cc"
  integrity sha512-Gq4JC9r3prA4hYwo7afcbHHMFckO29+5Nrh2KblAEPuK/DWaU0bJE1vtpAgLhzhY9bBirmcgjjIHljHEwGAXKw==

regenerator-runtime@^0.13.2:
  version "0.13.3"
  resolved "https://registry.yarnpkg.com/regenerator-runtime/-/regenerator-runtime-0.13.3.tgz#7cf6a77d8f5c6f60eb73c5fc1955b2ceb01e6bf5"
  integrity sha512-naKIZz2GQ8JWh///G7L3X6LaQUAMp2lvb1rvwwsURe/VXwD6VMfr+/1NuNw3ag8v2kY1aQ/go5SNn79O9JU7yw==

wait-for-expect@^1.2.0:
  version "1.2.0"
  resolved "https://registry.yarnpkg.com/wait-for-expect/-/wait-for-expect-1.2.0.tgz#fdab6a26e87d2039101db88bff3d8158e5c3e13f"
  integrity sha512-EJhKpA+5UHixduMBEGhTFuLuVgQBKWxkFbefOdj2bbk2/OpA5Opsc4aUTGmF+qJ+v3kTGxDRNYwKaT4j6g5n8Q==
