# THIS IS AN AUTOGENERATED FILE. DO NOT EDIT THIS FILE DIRECTLY.
# yarn lockfile v1


"@babel/runtime@^7.1.5":
  version "7.3.1"
  resolved "https://registry.yarnpkg.com/@babel/runtime/-/runtime-7.3.1.tgz#574b03e8e8a9898eaf4a872a92ea20b7846f6f2a"
  integrity sha512-7jGW8ppV0ant637pIqAcFfQDDH1orEPGJb8aXfUozuCU3QqX7rX4DA8iwrbPrR1hcH0FTTHz47yQnk+bl5xHQA==
  dependencies:
    regenerator-runtime "^0.12.0"

"@sheerun/mutationobserver-shim@^0.3.2":
  version "0.3.2"
  resolved "https://registry.yarnpkg.com/@sheerun/mutationobserver-shim/-/mutationobserver-shim-0.3.2.tgz#8013f2af54a2b7d735f71560ff360d3a8176a87b"
  integrity sha512-vTCdPp/T/Q3oSqwHmZ5Kpa9oI7iLtGl3RQaA/NyLHikvcrPxACkkKVr/XzkSPJWXHRhKGzVvb0urJsbMlRxi1Q==

ansi-regex@^4.0.0:
  version "4.0.0"
  resolved "https://registry.yarnpkg.com/ansi-regex/-/ansi-regex-4.0.0.tgz#70de791edf021404c3fd615aa89118ae0432e5a9"
  integrity sha512-iB5Dda8t/UqpPI/IjsejXu5jOGDrzn41wJyljwPH65VCIbk6+1BzFIMJGFwTNrYXT1CrD+B4l19U7awiQ8rk7w==

ansi-styles@^3.2.0, ansi-styles@^3.2.1:
  version "3.2.1"
  resolved "https://registry.yarnpkg.com/ansi-styles/-/ansi-styles-3.2.1.tgz#41fbb20243e50b12be0f04b8dedbf07520ce841d"
  integrity sha512-VT0ZI6kZRdTh8YyJw3SMbYm/u+NqfsAxEpWO0Pf9sq8/e94WxxOpPKx9FR1FlyCtOVDNOQ+8ntlqFxiRc+r5qA==
  dependencies:
    color-convert "^1.9.0"

atob@^2.1.1:
  version "2.1.2"
  resolved "https://registry.yarnpkg.com/atob/-/atob-2.1.2.tgz#6d9517eb9e030d2436666651e86bd9f6f13533c9"
  integrity sha512-Wm6ukoaOGJi/73p/cl2GvLjTI5JM1k/O14isD73YML8StrH/7/lRFgmg8nICZgD3bZZvjwCGxtMOD3wWNAu8cg==

chalk@^2.0.1, chalk@^2.4.1:
  version "2.4.2"
  resolved "https://registry.yarnpkg.com/chalk/-/chalk-2.4.2.tgz#cd42541677a54333cf541a49108c1432b44c9424"
  integrity sha512-Mti+f9lpJNcwF4tWV8/OrTTtF1gZi+f8FqlyAdouralcFWFQWF2+NgCHShjkCb+IFBLq9buZwE1xckQU4peSuQ==
  dependencies:
    ansi-styles "^3.2.1"
    escape-string-regexp "^1.0.5"
    supports-color "^5.3.0"

color-convert@^1.9.0:
  version "1.9.3"
  resolved "https://registry.yarnpkg.com/color-convert/-/color-convert-1.9.3.tgz#bb71850690e1f136567de629d2d5471deda4c1e8"
  integrity sha512-QfAUtd+vFdAtFQcC8CCyYt1fYWxSqAiK2cSD6zDB8N3cpsEBAvRxp9zOGg6G/SHHJYAT88/az/IuDGALsNVbGg==
  dependencies:
    color-name "1.1.3"

color-name@1.1.3:
  version "1.1.3"
  resolved "https://registry.yarnpkg.com/color-name/-/color-name-1.1.3.tgz#a7d0558bd89c42f795dd42328f740831ca53bc25"
  integrity sha1-p9BVi9icQveV3UIyj3QIMcpTvCU=

css@^2.2.3:
  version "2.2.4"
  resolved "https://registry.yarnpkg.com/css/-/css-2.2.4.tgz#c646755c73971f2bba6a601e2cf2fd71b1298929"
  integrity sha512-oUnjmWpy0niI3x/mPL8dVEI1l7MnG3+HHyRPHf+YFSbK+svOhXpmSOcDURUh2aOCgl2grzrOPt1nHLuCVFULLw==
  dependencies:
    inherits "^2.0.3"
    source-map "^0.6.1"
    source-map-resolve "^0.5.2"
    urix "^0.1.0"

decode-uri-component@^0.2.0:
  version "0.2.0"
  resolved "https://registry.yarnpkg.com/decode-uri-component/-/decode-uri-component-0.2.0.tgz#eb3913333458775cb84cd1a1fae062106bb87545"
  integrity sha1-6zkTMzRYd1y4TNGh+uBiEGu4dUU=

diff-sequences@^24.0.0:
  version "24.0.0"
  resolved "https://registry.yarnpkg.com/diff-sequences/-/diff-sequences-24.0.0.tgz#cdf8e27ed20d8b8d3caccb4e0c0d8fe31a173013"
  integrity sha512-46OkIuVGBBnrC0soO/4LHu5LHGHx0uhP65OVz8XOrAJpqiCB2aVIuESvjI1F9oqebuvY8lekS1pt6TN7vt7qsw==

dom-testing-library@^3.13.1:
  version "3.16.5"
  resolved "https://registry.yarnpkg.com/dom-testing-library/-/dom-testing-library-3.16.5.tgz#8c71f127c6b4ee48115660798040291b59dfc894"
  integrity sha512-t3OaTcDdsAqtAZNeZ13KnOJmt+2HaDJqYWyf0iBRzbG6GwrNtpF0122Ygu/qkerIwcnHMX1ihwZVx/DhaLpmTw==
  dependencies:
    "@babel/runtime" "^7.1.5"
    "@sheerun/mutationobserver-shim" "^0.3.2"
    pretty-format "^24.0.0"
    wait-for-expect "^1.1.0"

escape-string-regexp@^1.0.5:
  version "1.0.5"
  resolved "https://registry.yarnpkg.com/escape-string-regexp/-/escape-string-regexp-1.0.5.tgz#1b61c0562190a8dff6ae3bb2cf0200ca130b86d4"
  integrity sha1-G2HAViGQqN/2rjuyzwIAyhMLhtQ=

has-flag@^3.0.0:
  version "3.0.0"
  resolved "https://registry.yarnpkg.com/has-flag/-/has-flag-3.0.0.tgz#b5d454dc2199ae225699f3467e5a07f3b955bafd"
  integrity sha1-tdRU3CGZriJWmfNGfloH87lVuv0=

indent-string@^3.0.0:
  version "3.2.0"
  resolved "https://registry.yarnpkg.com/indent-string/-/indent-string-3.2.0.tgz#4a5fd6d27cc332f37e5419a504dbb837105c9289"
  integrity sha1-Sl/W0nzDMvN+VBmlBNu4NxBckok=

inherits@^2.0.3:
  version "2.0.3"
  resolved "https://registry.yarnpkg.com/inherits/-/inherits-2.0.3.tgz#633c2c83e3da42a502f52466022480f4208261de"
  integrity sha1-Yzwsg+PaQqUC9SRmAiSA9CCCYd4=

jest-diff@^24.0.0:
  version "24.0.0"
  resolved "https://registry.yarnpkg.com/jest-diff/-/jest-diff-24.0.0.tgz#a3e5f573dbac482f7d9513ac9cfa21644d3d6b34"
  integrity sha512-XY5wMpRaTsuMoU+1/B2zQSKQ9RdE9gsLkGydx3nvApeyPijLA8GtEvIcPwISRCer+VDf9W1mStTYYq6fPt8ryA==
  dependencies:
    chalk "^2.0.1"
    diff-sequences "^24.0.0"
    jest-get-type "^24.0.0"
    pretty-format "^24.0.0"

jest-dom@^3.0.1:
  version "3.0.1"
  resolved "https://registry.yarnpkg.com/jest-dom/-/jest-dom-3.0.1.tgz#88ea2e9c919000431b9d1c09f97adf5364eac103"
  integrity sha512-wkRQ3UHZhQ9e1v5StJo/pZzH08ywQ0FFVQMmiehJQwWSUeB2D5k37A5rQOS/tRZC/ETRQOxT05JtxWr/w1xUMQ==
  dependencies:
    chalk "^2.4.1"
    css "^2.2.3"
    jest-diff "^24.0.0"
    jest-matcher-utils "^24.0.0"
    lodash "^4.17.11"
    pretty-format "^24.0.0"
    redent "^2.0.0"

jest-get-type@^24.0.0:
  version "24.0.0"
  resolved "https://registry.yarnpkg.com/jest-get-type/-/jest-get-type-24.0.0.tgz#36e72930b78e33da59a4f63d44d332188278940b"
  integrity sha512-z6/Eyf6s9ZDGz7eOvl+fzpuJmN9i0KyTt1no37/dHu8galssxz5ZEgnc1KaV8R31q1khxyhB4ui/X5ZjjPk77w==

jest-matcher-utils@^24.0.0:
  version "24.0.0"
  resolved "https://registry.yarnpkg.com/jest-matcher-utils/-/jest-matcher-utils-24.0.0.tgz#fc9c41cfc49b2c3ec14e576f53d519c37729d579"
  integrity sha512-LQTDmO+aWRz1Tf9HJg+HlPHhDh1E1c65kVwRFo5mwCVp5aQDzlkz4+vCvXhOKFjitV2f0kMdHxnODrXVoi+rlA==
  dependencies:
    chalk "^2.0.1"
    jest-diff "^24.0.0"
    jest-get-type "^24.0.0"
    pretty-format "^24.0.0"

lodash@^4.17.11:
  version "4.17.11"
  resolved "https://registry.yarnpkg.com/lodash/-/lodash-4.17.11.tgz#b39ea6229ef607ecd89e2c8df12536891cac9b8d"
  integrity sha512-cQKh8igo5QUhZ7lg38DYWAxMvjSAKG0A8wGSVimP07SIUEK2UO+arSRKbRZWtelMtN5V0Hkwh5ryOto/SshYIg==

pretty-format@^24.0.0:
  version "24.0.0"
  resolved "https://registry.yarnpkg.com/pretty-format/-/pretty-format-24.0.0.tgz#cb6599fd73ac088e37ed682f61291e4678f48591"
  integrity sha512-LszZaKG665djUcqg5ZQq+XzezHLKrxsA86ZABTozp+oNhkdqa+tG2dX4qa6ERl5c/sRDrAa3lHmwnvKoP+OG/g==
  dependencies:
    ansi-regex "^4.0.0"
    ansi-styles "^3.2.0"

react-testing-library@^5.4.4:
  version "5.4.4"
  resolved "https://registry.yarnpkg.com/react-testing-library/-/react-testing-library-5.4.4.tgz#3fa787999492be94b228e4540a7211556bf4fd94"
  integrity sha512-/TiERZ+URSNhZQfjrUXh0VLsiLSmhqP1WP+2e2wWqWqrRIWpcAxrfuBxzlT75LYMDNmicEikaXJqRDi/pqCEDg==
  dependencies:
    dom-testing-library "^3.13.1"

redent@^2.0.0:
  version "2.0.0"
  resolved "https://registry.yarnpkg.com/redent/-/redent-2.0.0.tgz#c1b2007b42d57eb1389079b3c8333639d5e1ccaa"
  integrity sha1-wbIAe0LVfrE4kHmzyDM2OdXhzKo=
  dependencies:
    indent-string "^3.0.0"
    strip-indent "^2.0.0"

regenerator-runtime@^0.12.0:
  version "0.12.1"
  resolved "https://registry.yarnpkg.com/regenerator-runtime/-/regenerator-runtime-0.12.1.tgz#fa1a71544764c036f8c49b13a08b2594c9f8a0de"
  integrity sha512-odxIc1/vDlo4iZcfXqRYFj0vpXFNoGdKMAUieAlFYO6m/nl5e9KR/beGf41z4a1FI+aQgtjhuaSlDxQ0hmkrHg==

resolve-url@^0.2.1:
  version "0.2.1"
  resolved "https://registry.yarnpkg.com/resolve-url/-/resolve-url-0.2.1.tgz#2c637fe77c893afd2a663fe21aa9080068e2052a"
  integrity sha1-LGN/53yJOv0qZj/iGqkIAGjiBSo=

source-map-resolve@^0.5.2:
  version "0.5.2"
  resolved "https://registry.yarnpkg.com/source-map-resolve/-/source-map-resolve-0.5.2.tgz#72e2cc34095543e43b2c62b2c4c10d4a9054f259"
  integrity sha512-MjqsvNwyz1s0k81Goz/9vRBe9SZdB09Bdw+/zYyO+3CuPk6fouTaxscHkgtE8jKvf01kVfl8riHzERQ/kefaSA==
  dependencies:
    atob "^2.1.1"
    decode-uri-component "^0.2.0"
    resolve-url "^0.2.1"
    source-map-url "^0.4.0"
    urix "^0.1.0"

source-map-url@^0.4.0:
  version "0.4.0"
  resolved "https://registry.yarnpkg.com/source-map-url/-/source-map-url-0.4.0.tgz#3e935d7ddd73631b97659956d55128e87b5084a3"
  integrity sha1-PpNdfd1zYxuXZZlW1VEo6HtQhKM=

source-map@^0.6.1:
  version "0.6.1"
  resolved "https://registry.yarnpkg.com/source-map/-/source-map-0.6.1.tgz#74722af32e9614e9c287a8d0bbde48b5e2f1a263"
  integrity sha512-UjgapumWlbMhkBgzT7Ykc5YXUT46F0iKu8SGXq0bcwP5dz/h0Plj6enJqjz1Zbq2l5WaqYnrVbwWOWMyF3F47g==

strip-indent@^2.0.0:
  version "2.0.0"
  resolved "https://registry.yarnpkg.com/strip-indent/-/strip-indent-2.0.0.tgz#5ef8db295d01e6ed6cbf7aab96998d7822527b68"
  integrity sha1-XvjbKV0B5u1sv3qrlpmNeCJSe2g=

supports-color@^5.3.0:
  version "5.5.0"
  resolved "https://registry.yarnpkg.com/supports-color/-/supports-color-5.5.0.tgz#e2e69a44ac8772f78a1ec0b35b689df6530efc8f"
  integrity sha512-QjVjwdXIt408MIiAqCX4oUKsgU2EqAGzs2Ppkm4aQYbjm+ZEWEcW4SfFNTr4uMNZma0ey4f5lgLrkB0aX0QMow==
  dependencies:
    has-flag "^3.0.0"

urix@^0.1.0:
  version "0.1.0"
  resolved "https://registry.yarnpkg.com/urix/-/urix-0.1.0.tgz#da937f7a62e21fec1fd18d49b35c2935067a6c72"
  integrity sha1-2pN/emLiH+wf0Y1Js1wpNQZ6bHI=

wait-for-expect@^1.1.0:
  version "1.1.0"
  resolved "https://registry.yarnpkg.com/wait-for-expect/-/wait-for-expect-1.1.0.tgz#6607375c3f79d32add35cd2c87ce13f351a3d453"
  integrity sha512-vQDokqxyMyknfX3luCDn16bSaRcOyH6gGuUXMIbxBLeTo6nWuEWYqMTT9a+44FmW8c2m6TRWBdNvBBjA1hwEKg==
