# THIS IS AN AUTOGENERATED FILE. DO NOT EDIT THIS FILE DIRECTLY.
# yarn lockfile v1


jest-dom@^4.0.0:
  version "4.0.0"
  resolved "https://registry.yarnpkg.com/jest-dom/-/jest-dom-4.0.0.tgz#94eba3cbc6576e7bd6821867c92d176de28920eb"
  integrity sha512-gBxYZlZB1Jgvf2gP2pRfjjUWF8woGBHj/g5rAQgFPB/0K2atGuhVcPO+BItyjWeKg9zM+dokgcMOH01vrWVMFA==

react-testing-library@^8.0.1:
  version "8.0.1"
  resolved "https://registry.yarnpkg.com/react-testing-library/-/react-testing-library-8.0.1.tgz#b3dd43bce3fa88423cf0a23292fb819023c227cc"
  integrity sha512-Gq4JC9r3prA4hYwo7afcbHHMFckO29+5Nrh2KblAEPuK/DWaU0bJE1vtpAgLhzhY9bBirmcgjjIHljHEwGAXKw==
